
Microsoft Visual Studio Solution File, Format Version 12.00
# Visual Studio Version 17
VisualStudioVersion = 17.7.34031.279
MinimumVisualStudioVersion = 10.0.40219.1
Project("{FAE04EC0-301F-11D3-BF4B-00C04F79EFBC}") = "Cracked By Proofex", "ValorantAimbotUI\Cracked By Proofex.csproj", "{0CB176C8-CC69-4430-979D-C652A3D6595B}"
EndProject
Global
	GlobalSection(SolutionConfigurationPlatforms) = preSolution
		Debug|Any CPU = Debug|Any CPU
		Release|Any CPU = Release|Any CPU
	EndGlobalSection
	GlobalSection(ProjectConfigurationPlatforms) = postSolution
		{0CB176C8-CC69-4430-979D-C652A3D6595B}.Debug|Any CPU.ActiveCfg = Debug|Any CPU
		{0CB176C8-CC69-4430-979D-C652A3D6595B}.Debug|Any CPU.Build.0 = Debug|Any CPU
		{0CB176C8-CC69-4430-979D-C652A3D6595B}.Release|Any CPU.ActiveCfg = Release|Any CPU
		{0CB176C8-CC69-4430-979D-C652A3D6595B}.Release|Any CPU.Build.0 = Release|Any CPU
	EndGlobalSection
	GlobalSection(SolutionProperties) = preSolution
		HideSolutionNode = FALSE
	EndGlobalSection
	GlobalSection(ExtensibilityGlobals) = postSolution
		SolutionGuid = {3E89C19E-3419-41CE-8C1E-27FE8A558F36}
	EndGlobalSection
EndGlobal
